
Microsoft Visual Studio Solution File, Format Version 11.00
# Visual Studio 2010
Project("{F184B08F-C81C-45F6-A57F-5ABD9991F28F}") = "ClassLibrary1", "ClassLibrary1\ClassLibrary1.vbproj", "{83541EF5-B9FA-4BA6-8E98-A0A7684AC22D}"
EndProject
Project("{F184B08F-C81C-45F6-A57F-5ABD9991F28F}") = "TestProject1", "TestProject1\TestProject1.vbproj", "{640D9DAD-7A2B-47AB-85E6-D022E5F91E9C}"
EndProject
Project("{2150E333-8FDC-42A3-9474-1A3956D46DE8}") = "Solution Items", "Solution Items", "{55333E22-FDC4-4725-8EAE-49F143ED4303}"
EndProject
Global
	GlobalSection(SolutionConfigurationPlatforms) = preSolution
		Debug|Any CPU = Debug|Any CPU
		Release|Any CPU = Release|Any CPU
	EndGlobalSection
	GlobalSection(ProjectConfigurationPlatforms) = postSolution
		{83541EF5-B9FA-4BA6-8E98-A0A7684AC22D}.Debug|Any CPU.ActiveCfg = Debug|Any CPU
		{83541EF5-B9FA-4BA6-8E98-A0A7684AC22D}.Debug|Any CPU.Build.0 = Debug|Any CPU
		{83541EF5-B9FA-4BA6-8E98-A0A7684AC22D}.Release|Any CPU.ActiveCfg = Release|Any CPU
		{83541EF5-B9FA-4BA6-8E98-A0A7684AC22D}.Release|Any CPU.Build.0 = Release|Any CPU
		{640D9DAD-7A2B-47AB-85E6-D022E5F91E9C}.Debug|Any CPU.ActiveCfg = Debug|Any CPU
		{640D9DAD-7A2B-47AB-85E6-D022E5F91E9C}.Debug|Any CPU.Build.0 = Debug|Any CPU
		{640D9DAD-7A2B-47AB-85E6-D022E5F91E9C}.Release|Any CPU.ActiveCfg = Release|Any CPU
		{640D9DAD-7A2B-47AB-85E6-D022E5F91E9C}.Release|Any CPU.Build.0 = Release|Any CPU
	EndGlobalSection
	GlobalSection(SolutionProperties) = preSolution
		HideSolutionNode = FALSE
	EndGlobalSection
EndGlobal
